// !$*UTF8*$!
{
	archiveVersion = 1;
	classes = {
	};
	objectVersion = 56;
	objects = {

/* Begin PBXBuildFile section */
		7138F61829BB4A5F00DF62B8 /* LeagueEndpoint.swift in Sources */ = {isa = PBXBuildFile; fileRef = 7138F61729BB4A5F00DF62B8 /* LeagueEndpoint.swift */; };
		7138F61A29BB4A7100DF62B8 /* LeagueService.swift in Sources */ = {isa = PBXBuildFile; fileRef = 7138F61929BB4A7100DF62B8 /* LeagueService.swift */; };
		7138F61D29BB4AC000DF62B8 /* League.swift in Sources */ = {isa = PBXBuildFile; fileRef = 7138F61C29BB4AC000DF62B8 /* League.swift */; };
		7138F61F29BB4B3900DF62B8 /* MainViewModel.swift in Sources */ = {isa = PBXBuildFile; fileRef = 7138F61E29BB4B3900DF62B8 /* MainViewModel.swift */; };
		716713DF29A917FD00A48966 /* AppDelegate.swift in Sources */ = {isa = PBXBuildFile; fileRef = 716713DE29A917FD00A48966 /* AppDelegate.swift */; };
		716713E129A917FD00A48966 /* SceneDelegate.swift in Sources */ = {isa = PBXBuildFile; fileRef = 716713E029A917FD00A48966 /* SceneDelegate.swift */; };
		716713E329A917FD00A48966 /* MainViewController.swift in Sources */ = {isa = PBXBuildFile; fileRef = 716713E229A917FD00A48966 /* MainViewController.swift */; };
		716713E629A917FD00A48966 /* Main.storyboard in Resources */ = {isa = PBXBuildFile; fileRef = 716713E429A917FD00A48966 /* Main.storyboard */; };
		716713E829A917FE00A48966 /* Assets.xcassets in Resources */ = {isa = PBXBuildFile; fileRef = 716713E729A917FE00A48966 /* Assets.xcassets */; };
		716713EB29A917FE00A48966 /* LaunchScreen.storyboard in Resources */ = {isa = PBXBuildFile; fileRef = 716713E929A917FE00A48966 /* LaunchScreen.storyboard */; };
		716713F629A917FE00A48966 /* belaTests.swift in Sources */ = {isa = PBXBuildFile; fileRef = 716713F529A917FE00A48966 /* belaTests.swift */; };
		7167140029A917FE00A48966 /* belaUITests.swift in Sources */ = {isa = PBXBuildFile; fileRef = 716713FF29A917FE00A48966 /* belaUITests.swift */; };
		7167140229A917FE00A48966 /* belaUITestsLaunchTests.swift in Sources */ = {isa = PBXBuildFile; fileRef = 7167140129A917FE00A48966 /* belaUITestsLaunchTests.swift */; };
		7167141029A9180C00A48966 /* Eureka in Frameworks */ = {isa = PBXBuildFile; productRef = 7167140F29A9180C00A48966 /* Eureka */; };
		718398EF29BA563D0017DF0A /* Endpoint.swift in Sources */ = {isa = PBXBuildFile; fileRef = 718398EE29BA563D0017DF0A /* Endpoint.swift */; };
		718398F129BA56860017DF0A /* HTTPClient.swift in Sources */ = {isa = PBXBuildFile; fileRef = 718398F029BA56860017DF0A /* HTTPClient.swift */; };
		718398F329BA56900017DF0A /* HTTPMethod.swift in Sources */ = {isa = PBXBuildFile; fileRef = 718398F229BA56900017DF0A /* HTTPMethod.swift */; };
		718398F529BA569B0017DF0A /* RequestError.swift in Sources */ = {isa = PBXBuildFile; fileRef = 718398F429BA569B0017DF0A /* RequestError.swift */; };
		71B240E029C20CF000E561B4 /* DetailViewController.swift in Sources */ = {isa = PBXBuildFile; fileRef = 71B240DF29C20CF000E561B4 /* DetailViewController.swift */; };
		71B240E229C20D9F00E561B4 /* DetailViewModel.swift in Sources */ = {isa = PBXBuildFile; fileRef = 71B240E129C20D9F00E561B4 /* DetailViewModel.swift */; };
		71BDC03529CA049A0022A4DC /* LeagueDetailCell.swift in Sources */ = {isa = PBXBuildFile; fileRef = 71BDC03329CA049A0022A4DC /* LeagueDetailCell.swift */; };
		71BDC03629CA049A0022A4DC /* LeagueDetailCell.xib in Resources */ = {isa = PBXBuildFile; fileRef = 71BDC03429CA049A0022A4DC /* LeagueDetailCell.xib */; };
		71BDC03829CA06D30022A4DC /* LeagueDetailRow.swift in Sources */ = {isa = PBXBuildFile; fileRef = 71BDC03729CA06D30022A4DC /* LeagueDetailRow.swift */; };
		71D7017229BF596400279903 /* LeagueDetail.swift in Sources */ = {isa = PBXBuildFile; fileRef = 7138F62029BB4C2100DF62B8 /* LeagueDetail.swift */; };
		71D7017429BFAE5B00279903 /* LeagueRow.swift in Sources */ = {isa = PBXBuildFile; fileRef = 71D7017329BFAE5B00279903 /* LeagueRow.swift */; };
		71D7017729BFAEB400279903 /* LeagueCell.swift in Sources */ = {isa = PBXBuildFile; fileRef = 71D7017529BFAEB400279903 /* LeagueCell.swift */; };
		71D7017829BFAEB400279903 /* LeagueCell.xib in Resources */ = {isa = PBXBuildFile; fileRef = 71D7017629BFAEB400279903 /* LeagueCell.xib */; };
		71D7017B29BFB3D100279903 /* Kingfisher in Frameworks */ = {isa = PBXBuildFile; productRef = 71D7017A29BFB3D100279903 /* Kingfisher */; };
/* End PBXBuildFile section */

/* Begin PBXContainerItemProxy section */
		716713F229A917FE00A48966 /* PBXContainerItemProxy */ = {
			isa = PBXContainerItemProxy;
			containerPortal = 716713D329A917FD00A48966 /* Project object */;
			proxyType = 1;
			remoteGlobalIDString = 716713DA29A917FD00A48966;
			remoteInfo = bela;
		};
		716713FC29A917FE00A48966 /* PBXContainerItemProxy */ = {
			isa = PBXContainerItemProxy;
			containerPortal = 716713D329A917FD00A48966 /* Project object */;
			proxyType = 1;
			remoteGlobalIDString = 716713DA29A917FD00A48966;
			remoteInfo = bela;
		};
/* End PBXContainerItemProxy section */

/* Begin PBXFileReference section */
		7138F61729BB4A5F00DF62B8 /* LeagueEndpoint.swift */ = {isa = PBXFileReference; lastKnownFileType = sourcecode.swift; path = LeagueEndpoint.swift; sourceTree = "<group>"; };
		7138F61929BB4A7100DF62B8 /* LeagueService.swift */ = {isa = PBXFileReference; lastKnownFileType = sourcecode.swift; path = LeagueService.swift; sourceTree = "<group>"; };
		7138F61C29BB4AC000DF62B8 /* League.swift */ = {isa = PBXFileReference; lastKnownFileType = sourcecode.swift; path = League.swift; sourceTree = "<group>"; };
		7138F61E29BB4B3900DF62B8 /* MainViewModel.swift */ = {isa = PBXFileReference; lastKnownFileType = sourcecode.swift; path = MainViewModel.swift; sourceTree = "<group>"; };
		7138F62029BB4C2100DF62B8 /* LeagueDetail.swift */ = {isa = PBXFileReference; lastKnownFileType = sourcecode.swift; path = LeagueDetail.swift; sourceTree = "<group>"; };
		716713DB29A917FD00A48966 /* bela.app */ = {isa = PBXFileReference; explicitFileType = wrapper.application; includeInIndex = 0; path = bela.app; sourceTree = BUILT_PRODUCTS_DIR; };
		716713DE29A917FD00A48966 /* AppDelegate.swift */ = {isa = PBXFileReference; lastKnownFileType = sourcecode.swift; path = AppDelegate.swift; sourceTree = "<group>"; };
		716713E029A917FD00A48966 /* SceneDelegate.swift */ = {isa = PBXFileReference; lastKnownFileType = sourcecode.swift; path = SceneDelegate.swift; sourceTree = "<group>"; };
		716713E229A917FD00A48966 /* MainViewController.swift */ = {isa = PBXFileReference; lastKnownFileType = sourcecode.swift; path = MainViewController.swift; sourceTree = "<group>"; };
		716713E529A917FD00A48966 /* Base */ = {isa = PBXFileReference; lastKnownFileType = file.storyboard; name = Base; path = Base.lproj/Main.storyboard; sourceTree = "<group>"; };
		716713E729A917FE00A48966 /* Assets.xcassets */ = {isa = PBXFileReference; lastKnownFileType = folder.assetcatalog; path = Assets.xcassets; sourceTree = "<group>"; };
		716713EA29A917FE00A48966 /* Base */ = {isa = PBXFileReference; lastKnownFileType = file.storyboard; name = Base; path = Base.lproj/LaunchScreen.storyboard; sourceTree = "<group>"; };
		716713EC29A917FE00A48966 /* Info.plist */ = {isa = PBXFileReference; lastKnownFileType = text.plist.xml; path = Info.plist; sourceTree = "<group>"; };
		716713F129A917FE00A48966 /* belaTests.xctest */ = {isa = PBXFileReference; explicitFileType = wrapper.cfbundle; includeInIndex = 0; path = belaTests.xctest; sourceTree = BUILT_PRODUCTS_DIR; };
		716713F529A917FE00A48966 /* belaTests.swift */ = {isa = PBXFileReference; lastKnownFileType = sourcecode.swift; path = belaTests.swift; sourceTree = "<group>"; };
		716713FB29A917FE00A48966 /* belaUITests.xctest */ = {isa = PBXFileReference; explicitFileType = wrapper.cfbundle; includeInIndex = 0; path = belaUITests.xctest; sourceTree = BUILT_PRODUCTS_DIR; };
		716713FF29A917FE00A48966 /* belaUITests.swift */ = {isa = PBXFileReference; lastKnownFileType = sourcecode.swift; path = belaUITests.swift; sourceTree = "<group>"; };
		7167140129A917FE00A48966 /* belaUITestsLaunchTests.swift */ = {isa = PBXFileReference; lastKnownFileType = sourcecode.swift; path = belaUITestsLaunchTests.swift; sourceTree = "<group>"; };
		718398EE29BA563D0017DF0A /* Endpoint.swift */ = {isa = PBXFileReference; lastKnownFileType = sourcecode.swift; path = Endpoint.swift; sourceTree = "<group>"; };
		718398F029BA56860017DF0A /* HTTPClient.swift */ = {isa = PBXFileReference; lastKnownFileType = sourcecode.swift; path = HTTPClient.swift; sourceTree = "<group>"; };
		718398F229BA56900017DF0A /* HTTPMethod.swift */ = {isa = PBXFileReference; lastKnownFileType = sourcecode.swift; path = HTTPMethod.swift; sourceTree = "<group>"; };
		718398F429BA569B0017DF0A /* RequestError.swift */ = {isa = PBXFileReference; lastKnownFileType = sourcecode.swift; path = RequestError.swift; sourceTree = "<group>"; };
		71B240DF29C20CF000E561B4 /* DetailViewController.swift */ = {isa = PBXFileReference; lastKnownFileType = sourcecode.swift; path = DetailViewController.swift; sourceTree = "<group>"; };
		71B240E129C20D9F00E561B4 /* DetailViewModel.swift */ = {isa = PBXFileReference; lastKnownFileType = sourcecode.swift; path = DetailViewModel.swift; sourceTree = "<group>"; };
		71BDC03329CA049A0022A4DC /* LeagueDetailCell.swift */ = {isa = PBXFileReference; lastKnownFileType = sourcecode.swift; path = LeagueDetailCell.swift; sourceTree = "<group>"; };
		71BDC03429CA049A0022A4DC /* LeagueDetailCell.xib */ = {isa = PBXFileReference; lastKnownFileType = file.xib; path = LeagueDetailCell.xib; sourceTree = "<group>"; };
		71BDC03729CA06D30022A4DC /* LeagueDetailRow.swift */ = {isa = PBXFileReference; lastKnownFileType = sourcecode.swift; path = LeagueDetailRow.swift; sourceTree = "<group>"; };
		71D7017329BFAE5B00279903 /* LeagueRow.swift */ = {isa = PBXFileReference; lastKnownFileType = sourcecode.swift; path = LeagueRow.swift; sourceTree = "<group>"; };
		71D7017529BFAEB400279903 /* LeagueCell.swift */ = {isa = PBXFileReference; lastKnownFileType = sourcecode.swift; path = LeagueCell.swift; sourceTree = "<group>"; };
		71D7017629BFAEB400279903 /* LeagueCell.xib */ = {isa = PBXFileReference; lastKnownFileType = file.xib; path = LeagueCell.xib; sourceTree = "<group>"; };
/* End PBXFileReference section */

/* Begin PBXFrameworksBuildPhase section */
		716713D829A917FD00A48966 /* Frameworks */ = {
			isa = PBXFrameworksBuildPhase;
			buildActionMask = 2147483647;
			files = (
				71D7017B29BFB3D100279903 /* Kingfisher in Frameworks */,
				7167141029A9180C00A48966 /* Eureka in Frameworks */,
			);
			runOnlyForDeploymentPostprocessing = 0;
		};
		716713EE29A917FE00A48966 /* Frameworks */ = {
			isa = PBXFrameworksBuildPhase;
			buildActionMask = 2147483647;
			files = (
			);
			runOnlyForDeploymentPostprocessing = 0;
		};
		716713F829A917FE00A48966 /* Frameworks */ = {
			isa = PBXFrameworksBuildPhase;
			buildActionMask = 2147483647;
			files = (
			);
			runOnlyForDeploymentPostprocessing = 0;
		};
/* End PBXFrameworksBuildPhase section */

/* Begin PBXGroup section */
		7138F61B29BB4AB000DF62B8 /* Models */ = {
			isa = PBXGroup;
			children = (
				7138F61C29BB4AC000DF62B8 /* League.swift */,
				7138F62029BB4C2100DF62B8 /* LeagueDetail.swift */,
			);
			path = Models;
			sourceTree = "<group>";
		};
		716713D229A917FD00A48966 = {
			isa = PBXGroup;
			children = (
				716713DD29A917FD00A48966 /* bela */,
				716713F429A917FE00A48966 /* belaTests */,
				716713FE29A917FE00A48966 /* belaUITests */,
				716713DC29A917FD00A48966 /* Products */,
			);
			sourceTree = "<group>";
		};
		716713DC29A917FD00A48966 /* Products */ = {
			isa = PBXGroup;
			children = (
				716713DB29A917FD00A48966 /* bela.app */,
				716713F129A917FE00A48966 /* belaTests.xctest */,
				716713FB29A917FE00A48966 /* belaUITests.xctest */,
			);
			name = Products;
			sourceTree = "<group>";
		};
		716713DD29A917FD00A48966 /* bela */ = {
			isa = PBXGroup;
			children = (
				718398ED29BA55F90017DF0A /* Core */,
				718398E729BA55AF0017DF0A /* NewtorkClient */,
				7138F61B29BB4AB000DF62B8 /* Models */,
				718398EC29BA55E90017DF0A /* Scenes */,
				718398EB29BA55DB0017DF0A /* ViewControllers */,
				71FA9A7429CAEB250027E7EF /* Cells */,
				71FA9A7529CAEB410027E7EF /* CustomRows */,
			);
			path = bela;
			sourceTree = "<group>";
		};
		716713F429A917FE00A48966 /* belaTests */ = {
			isa = PBXGroup;
			children = (
				716713F529A917FE00A48966 /* belaTests.swift */,
			);
			path = belaTests;
			sourceTree = "<group>";
		};
		716713FE29A917FE00A48966 /* belaUITests */ = {
			isa = PBXGroup;
			children = (
				716713FF29A917FE00A48966 /* belaUITests.swift */,
				7167140129A917FE00A48966 /* belaUITestsLaunchTests.swift */,
			);
			path = belaUITests;
			sourceTree = "<group>";
		};
		718398E729BA55AF0017DF0A /* NewtorkClient */ = {
			isa = PBXGroup;
			children = (
				718398E829BA55BA0017DF0A /* Base */,
				718398E929BA55C10017DF0A /* Endpoints */,
				718398EA29BA55D00017DF0A /* Services */,
			);
			path = NewtorkClient;
			sourceTree = "<group>";
		};
		718398E829BA55BA0017DF0A /* Base */ = {
			isa = PBXGroup;
			children = (
				718398EE29BA563D0017DF0A /* Endpoint.swift */,
				718398F029BA56860017DF0A /* HTTPClient.swift */,
				718398F229BA56900017DF0A /* HTTPMethod.swift */,
				718398F429BA569B0017DF0A /* RequestError.swift */,
			);
			path = Base;
			sourceTree = "<group>";
		};
		718398E929BA55C10017DF0A /* Endpoints */ = {
			isa = PBXGroup;
			children = (
				7138F61729BB4A5F00DF62B8 /* LeagueEndpoint.swift */,
			);
			path = Endpoints;
			sourceTree = "<group>";
		};
		718398EA29BA55D00017DF0A /* Services */ = {
			isa = PBXGroup;
			children = (
				7138F61929BB4A7100DF62B8 /* LeagueService.swift */,
			);
			path = Services;
			sourceTree = "<group>";
		};
		718398EB29BA55DB0017DF0A /* ViewControllers */ = {
			isa = PBXGroup;
			children = (
				71B240DE29C20CD100E561B4 /* DetailController */,
				71B240DD29C20CB700E561B4 /* MainController */,
			);
			path = ViewControllers;
			sourceTree = "<group>";
		};
		718398EC29BA55E90017DF0A /* Scenes */ = {
			isa = PBXGroup;
			children = (
				716713E929A917FE00A48966 /* LaunchScreen.storyboard */,
				716713E429A917FD00A48966 /* Main.storyboard */,
			);
			path = Scenes;
			sourceTree = "<group>";
		};
		718398ED29BA55F90017DF0A /* Core */ = {
			isa = PBXGroup;
			children = (
				716713EC29A917FE00A48966 /* Info.plist */,
				716713DE29A917FD00A48966 /* AppDelegate.swift */,
				716713E029A917FD00A48966 /* SceneDelegate.swift */,
				716713E729A917FE00A48966 /* Assets.xcassets */,
			);
			path = Core;
			sourceTree = "<group>";
		};
		71B240DD29C20CB700E561B4 /* MainController */ = {
			isa = PBXGroup;
			children = (
				7138F61E29BB4B3900DF62B8 /* MainViewModel.swift */,
				716713E229A917FD00A48966 /* MainViewController.swift */,
			);
			path = MainController;
			sourceTree = "<group>";
		};
		71B240DE29C20CD100E561B4 /* DetailController */ = {
			isa = PBXGroup;
			children = (
				71B240DF29C20CF000E561B4 /* DetailViewController.swift */,
				71B240E129C20D9F00E561B4 /* DetailViewModel.swift */,
			);
			path = DetailController;
			sourceTree = "<group>";
		};
		71FA9A7429CAEB250027E7EF /* Cells */ = {
			isa = PBXGroup;
			children = (
				71FA9A7729CAEB590027E7EF /* LeagueCell */,
				71FA9A7629CAEB560027E7EF /* LeagueDetailCell */,
			);
			path = Cells;
			sourceTree = "<group>";
		};
		71FA9A7529CAEB410027E7EF /* CustomRows */ = {
			isa = PBXGroup;
			children = (
				71D7017329BFAE5B00279903 /* LeagueRow.swift */,
				71BDC03729CA06D30022A4DC /* LeagueDetailRow.swift */,
			);
			path = CustomRows;
			sourceTree = "<group>";
		};
		71FA9A7629CAEB560027E7EF /* LeagueDetailCell */ = {
			isa = PBXGroup;
			children = (
				71BDC03329CA049A0022A4DC /* LeagueDetailCell.swift */,
				71BDC03429CA049A0022A4DC /* LeagueDetailCell.xib */,
			);
			path = LeagueDetailCell;
			sourceTree = "<group>";
		};
		71FA9A7729CAEB590027E7EF /* LeagueCell */ = {
			isa = PBXGroup;
			children = (
				71D7017529BFAEB400279903 /* LeagueCell.swift */,
				71D7017629BFAEB400279903 /* LeagueCell.xib */,
			);
			path = LeagueCell;
			sourceTree = "<group>";
		};
/* End PBXGroup section */

/* Begin PBXNativeTarget section */
		716713DA29A917FD00A48966 /* bela */ = {
			isa = PBXNativeTarget;
			buildConfigurationList = 7167140529A917FE00A48966 /* Build configuration list for PBXNativeTarget "bela" */;
			buildPhases = (
				716713D729A917FD00A48966 /* Sources */,
				716713D829A917FD00A48966 /* Frameworks */,
				716713D929A917FD00A48966 /* Resources */,
			);
			buildRules = (
			);
			dependencies = (
			);
			name = bela;
			packageProductDependencies = (
				7167140F29A9180C00A48966 /* Eureka */,
				71D7017A29BFB3D100279903 /* Kingfisher */,
			);
			productName = bela;
			productReference = 716713DB29A917FD00A48966 /* bela.app */;
			productType = "com.apple.product-type.application";
		};
		716713F029A917FE00A48966 /* belaTests */ = {
			isa = PBXNativeTarget;
			buildConfigurationList = 7167140829A917FE00A48966 /* Build configuration list for PBXNativeTarget "belaTests" */;
			buildPhases = (
				716713ED29A917FE00A48966 /* Sources */,
				716713EE29A917FE00A48966 /* Frameworks */,
				716713EF29A917FE00A48966 /* Resources */,
			);
			buildRules = (
			);
			dependencies = (
				716713F329A917FE00A48966 /* PBXTargetDependency */,
			);
			name = belaTests;
			productName = belaTests;
			productReference = 716713F129A917FE00A48966 /* belaTests.xctest */;
			productType = "com.apple.product-type.bundle.unit-test";
		};
		716713FA29A917FE00A48966 /* belaUITests */ = {
			isa = PBXNativeTarget;
			buildConfigurationList = 7167140B29A917FE00A48966 /* Build configuration list for PBXNativeTarget "belaUITests" */;
			buildPhases = (
				716713F729A917FE00A48966 /* Sources */,
				716713F829A917FE00A48966 /* Frameworks */,
				716713F929A917FE00A48966 /* Resources */,
			);
			buildRules = (
			);
			dependencies = (
				716713FD29A917FE00A48966 /* PBXTargetDependency */,
			);
			name = belaUITests;
			productName = belaUITests;
			productReference = 716713FB29A917FE00A48966 /* belaUITests.xctest */;
			productType = "com.apple.product-type.bundle.ui-testing";
		};
/* End PBXNativeTarget section */

/* Begin PBXProject section */
		716713D329A917FD00A48966 /* Project object */ = {
			isa = PBXProject;
			attributes = {
				BuildIndependentTargetsInParallel = 1;
				LastSwiftUpdateCheck = 1420;
				LastUpgradeCheck = 1420;
				TargetAttributes = {
					716713DA29A917FD00A48966 = {
						CreatedOnToolsVersion = 14.2;
					};
					716713F029A917FE00A48966 = {
						CreatedOnToolsVersion = 14.2;
						TestTargetID = 716713DA29A917FD00A48966;
					};
					716713FA29A917FE00A48966 = {
						CreatedOnToolsVersion = 14.2;
						TestTargetID = 716713DA29A917FD00A48966;
					};
				};
			};
			buildConfigurationList = 716713D629A917FD00A48966 /* Build configuration list for PBXProject "bela" */;
			compatibilityVersion = "Xcode 14.0";
			developmentRegion = en;
			hasScannedForEncodings = 0;
			knownRegions = (
				en,
				Base,
			);
			mainGroup = 716713D229A917FD00A48966;
			packageReferences = (
				7167140E29A9180C00A48966 /* XCRemoteSwiftPackageReference "Eureka" */,
				71D7017929BFB3D100279903 /* XCRemoteSwiftPackageReference "Kingfisher" */,
			);
			productRefGroup = 716713DC29A917FD00A48966 /* Products */;
			projectDirPath = "";
			projectRoot = "";
			targets = (
				716713DA29A917FD00A48966 /* bela */,
				716713F029A917FE00A48966 /* belaTests */,
				716713FA29A917FE00A48966 /* belaUITests */,
			);
		};
/* End PBXProject section */

/* Begin PBXResourcesBuildPhase section */
		716713D929A917FD00A48966 /* Resources */ = {
			isa = PBXResourcesBuildPhase;
			buildActionMask = 2147483647;
			files = (
				716713EB29A917FE00A48966 /* LaunchScreen.storyboard in Resources */,
				716713E829A917FE00A48966 /* Assets.xcassets in Resources */,
				716713E629A917FD00A48966 /* Main.storyboard in Resources */,
				71D7017829BFAEB400279903 /* LeagueCell.xib in Resources */,
				71BDC03629CA049A0022A4DC /* LeagueDetailCell.xib in Resources */,
			);
			runOnlyForDeploymentPostprocessing = 0;
		};
		716713EF29A917FE00A48966 /* Resources */ = {
			isa = PBXResourcesBuildPhase;
			buildActionMask = 2147483647;
			files = (
			);
			runOnlyForDeploymentPostprocessing = 0;
		};
		716713F929A917FE00A48966 /* Resources */ = {
			isa = PBXResourcesBuildPhase;
			buildActionMask = 2147483647;
			files = (
			);
			runOnlyForDeploymentPostprocessing = 0;
		};
/* End PBXResourcesBuildPhase section */

/* Begin PBXSourcesBuildPhase section */
		716713D729A917FD00A48966 /* Sources */ = {
			isa = PBXSourcesBuildPhase;
			buildActionMask = 2147483647;
			files = (
				71D7017429BFAE5B00279903 /* LeagueRow.swift in Sources */,
				718398F529BA569B0017DF0A /* RequestError.swift in Sources */,
				716713E329A917FD00A48966 /* MainViewController.swift in Sources */,
				71BDC03529CA049A0022A4DC /* LeagueDetailCell.swift in Sources */,
				71D7017229BF596400279903 /* LeagueDetail.swift in Sources */,
				718398F129BA56860017DF0A /* HTTPClient.swift in Sources */,
				7138F61829BB4A5F00DF62B8 /* LeagueEndpoint.swift in Sources */,
				7138F61A29BB4A7100DF62B8 /* LeagueService.swift in Sources */,
				71BDC03829CA06D30022A4DC /* LeagueDetailRow.swift in Sources */,
				718398F329BA56900017DF0A /* HTTPMethod.swift in Sources */,
				716713DF29A917FD00A48966 /* AppDelegate.swift in Sources */,
				71D7017729BFAEB400279903 /* LeagueCell.swift in Sources */,
				718398EF29BA563D0017DF0A /* Endpoint.swift in Sources */,
				7138F61D29BB4AC000DF62B8 /* League.swift in Sources */,
				71B240E029C20CF000E561B4 /* DetailViewController.swift in Sources */,
				716713E129A917FD00A48966 /* SceneDelegate.swift in Sources */,
				7138F61F29BB4B3900DF62B8 /* MainViewModel.swift in Sources */,
				71B240E229C20D9F00E561B4 /* DetailViewModel.swift in Sources */,
			);
			runOnlyForDeploymentPostprocessing = 0;
		};
		716713ED29A917FE00A48966 /* Sources */ = {
			isa = PBXSourcesBuildPhase;
			buildActionMask = 2147483647;
			files = (
				716713F629A917FE00A48966 /* belaTests.swift in Sources */,
			);
			runOnlyForDeploymentPostprocessing = 0;
		};
		716713F729A917FE00A48966 /* Sources */ = {
			isa = PBXSourcesBuildPhase;
			buildActionMask = 2147483647;
			files = (
				7167140229A917FE00A48966 /* belaUITestsLaunchTests.swift in Sources */,
				7167140029A917FE00A48966 /* belaUITests.swift in Sources */,
			);
			runOnlyForDeploymentPostprocessing = 0;
		};
/* End PBXSourcesBuildPhase section */

/* Begin PBXTargetDependency section */
		716713F329A917FE00A48966 /* PBXTargetDependency */ = {
			isa = PBXTargetDependency;
			target = 716713DA29A917FD00A48966 /* bela */;
			targetProxy = 716713F229A917FE00A48966 /* PBXContainerItemProxy */;
		};
		716713FD29A917FE00A48966 /* PBXTargetDependency */ = {
			isa = PBXTargetDependency;
			target = 716713DA29A917FD00A48966 /* bela */;
			targetProxy = 716713FC29A917FE00A48966 /* PBXContainerItemProxy */;
		};
/* End PBXTargetDependency section */

/* Begin PBXVariantGroup section */
		716713E429A917FD00A48966 /* Main.storyboard */ = {
			isa = PBXVariantGroup;
			children = (
				716713E529A917FD00A48966 /* Base */,
			);
			name = Main.storyboard;
			sourceTree = "<group>";
		};
		716713E929A917FE00A48966 /* LaunchScreen.storyboard */ = {
			isa = PBXVariantGroup;
			children = (
				716713EA29A917FE00A48966 /* Base */,
			);
			name = LaunchScreen.storyboard;
			sourceTree = "<group>";
		};
/* End PBXVariantGroup section */

/* Begin XCBuildConfiguration section */
		7167140329A917FE00A48966 /* Debug */ = {
			isa = XCBuildConfiguration;
			buildSettings = {
				ALWAYS_SEARCH_USER_PATHS = NO;
				CLANG_ANALYZER_NONNULL = YES;
				CLANG_ANALYZER_NUMBER_OBJECT_CONVERSION = YES_AGGRESSIVE;
				CLANG_CXX_LANGUAGE_STANDARD = "gnu++20";
				CLANG_ENABLE_MODULES = YES;
				CLANG_ENABLE_OBJC_ARC = YES;
				CLANG_ENABLE_OBJC_WEAK = YES;
				CLANG_WARN_BLOCK_CAPTURE_AUTORELEASING = YES;
				CLANG_WARN_BOOL_CONVERSION = YES;
				CLANG_WARN_COMMA = YES;
				CLANG_WARN_CONSTANT_CONVERSION = YES;
				CLANG_WARN_DEPRECATED_OBJC_IMPLEMENTATIONS = YES;
				CLANG_WARN_DIRECT_OBJC_ISA_USAGE = YES_ERROR;
				CLANG_WARN_DOCUMENTATION_COMMENTS = YES;
				CLANG_WARN_EMPTY_BODY = YES;
				CLANG_WARN_ENUM_CONVERSION = YES;
				CLANG_WARN_INFINITE_RECURSION = YES;
				CLANG_WARN_INT_CONVERSION = YES;
				CLANG_WARN_NON_LITERAL_NULL_CONVERSION = YES;
				CLANG_WARN_OBJC_IMPLICIT_RETAIN_SELF = YES;
				CLANG_WARN_OBJC_LITERAL_CONVERSION = YES;
				CLANG_WARN_OBJC_ROOT_CLASS = YES_ERROR;
				CLANG_WARN_QUOTED_INCLUDE_IN_FRAMEWORK_HEADER = YES;
				CLANG_WARN_RANGE_LOOP_ANALYSIS = YES;
				CLANG_WARN_STRICT_PROTOTYPES = YES;
				CLANG_WARN_SUSPICIOUS_MOVE = YES;
				CLANG_WARN_UNGUARDED_AVAILABILITY = YES_AGGRESSIVE;
				CLANG_WARN_UNREACHABLE_CODE = YES;
				CLANG_WARN__DUPLICATE_METHOD_MATCH = YES;
				COPY_PHASE_STRIP = NO;
				DEBUG_INFORMATION_FORMAT = dwarf;
				ENABLE_STRICT_OBJC_MSGSEND = YES;
				ENABLE_TESTABILITY = YES;
				GCC_C_LANGUAGE_STANDARD = gnu11;
				GCC_DYNAMIC_NO_PIC = NO;
				GCC_NO_COMMON_BLOCKS = YES;
				GCC_OPTIMIZATION_LEVEL = 0;
				GCC_PREPROCESSOR_DEFINITIONS = (
					"DEBUG=1",
					"$(inherited)",
				);
				GCC_WARN_64_TO_32_BIT_CONVERSION = YES;
				GCC_WARN_ABOUT_RETURN_TYPE = YES_ERROR;
				GCC_WARN_UNDECLARED_SELECTOR = YES;
				GCC_WARN_UNINITIALIZED_AUTOS = YES_AGGRESSIVE;
				GCC_WARN_UNUSED_FUNCTION = YES;
				GCC_WARN_UNUSED_VARIABLE = YES;
				IPHONEOS_DEPLOYMENT_TARGET = 16.2;
				MTL_ENABLE_DEBUG_INFO = INCLUDE_SOURCE;
				MTL_FAST_MATH = YES;
				ONLY_ACTIVE_ARCH = YES;
				SDKROOT = iphoneos;
				SWIFT_ACTIVE_COMPILATION_CONDITIONS = DEBUG;
				SWIFT_OPTIMIZATION_LEVEL = "-Onone";
			};
			name = Debug;
		};
		7167140429A917FE00A48966 /* Release */ = {
			isa = XCBuildConfiguration;
			buildSettings = {
				ALWAYS_SEARCH_USER_PATHS = NO;
				CLANG_ANALYZER_NONNULL = YES;
				CLANG_ANALYZER_NUMBER_OBJECT_CONVERSION = YES_AGGRESSIVE;
				CLANG_CXX_LANGUAGE_STANDARD = "gnu++20";
				CLANG_ENABLE_MODULES = YES;
				CLANG_ENABLE_OBJC_ARC = YES;
				CLANG_ENABLE_OBJC_WEAK = YES;
				CLANG_WARN_BLOCK_CAPTURE_AUTORELEASING = YES;
				CLANG_WARN_BOOL_CONVERSION = YES;
				CLANG_WARN_COMMA = YES;
				CLANG_WARN_CONSTANT_CONVERSION = YES;
				CLANG_WARN_DEPRECATED_OBJC_IMPLEMENTATIONS = YES;
				CLANG_WARN_DIRECT_OBJC_ISA_USAGE = YES_ERROR;
				CLANG_WARN_DOCUMENTATION_COMMENTS = YES;
				CLANG_WARN_EMPTY_BODY = YES;
				CLANG_WARN_ENUM_CONVERSION = YES;
				CLANG_WARN_INFINITE_RECURSION = YES;
				CLANG_WARN_INT_CONVERSION = YES;
				CLANG_WARN_NON_LITERAL_NULL_CONVERSION = YES;
				CLANG_WARN_OBJC_IMPLICIT_RETAIN_SELF = YES;
				CLANG_WARN_OBJC_LITERAL_CONVERSION = YES;
				CLANG_WARN_OBJC_ROOT_CLASS = YES_ERROR;
				CLANG_WARN_QUOTED_INCLUDE_IN_FRAMEWORK_HEADER = YES;
				CLANG_WARN_RANGE_LOOP_ANALYSIS = YES;
				CLANG_WARN_STRICT_PROTOTYPES = YES;
				CLANG_WARN_SUSPICIOUS_MOVE = YES;
				CLANG_WARN_UNGUARDED_AVAILABILITY = YES_AGGRESSIVE;
				CLANG_WARN_UNREACHABLE_CODE = YES;
				CLANG_WARN__DUPLICATE_METHOD_MATCH = YES;
				COPY_PHASE_STRIP = NO;
				DEBUG_INFORMATION_FORMAT = "dwarf-with-dsym";
				ENABLE_NS_ASSERTIONS = NO;
				ENABLE_STRICT_OBJC_MSGSEND = YES;
				GCC_C_LANGUAGE_STANDARD = gnu11;
				GCC_NO_COMMON_BLOCKS = YES;
				GCC_WARN_64_TO_32_BIT_CONVERSION = YES;
				GCC_WARN_ABOUT_RETURN_TYPE = YES_ERROR;
				GCC_WARN_UNDECLARED_SELECTOR = YES;
				GCC_WARN_UNINITIALIZED_AUTOS = YES_AGGRESSIVE;
				GCC_WARN_UNUSED_FUNCTION = YES;
				GCC_WARN_UNUSED_VARIABLE = YES;
				IPHONEOS_DEPLOYMENT_TARGET = 16.2;
				MTL_ENABLE_DEBUG_INFO = NO;
				MTL_FAST_MATH = YES;
				SDKROOT = iphoneos;
				SWIFT_COMPILATION_MODE = wholemodule;
				SWIFT_OPTIMIZATION_LEVEL = "-O";
				VALIDATE_PRODUCT = YES;
			};
			name = Release;
		};
		7167140629A917FE00A48966 /* Debug */ = {
			isa = XCBuildConfiguration;
			buildSettings = {
				ASSETCATALOG_COMPILER_APPICON_NAME = AppIcon;
				ASSETCATALOG_COMPILER_GLOBAL_ACCENT_COLOR_NAME = AccentColor;
				CODE_SIGN_STYLE = Automatic;
				CURRENT_PROJECT_VERSION = 1;
				DEVELOPMENT_TEAM = W69WTC53M7;
				GENERATE_INFOPLIST_FILE = YES;
				INFOPLIST_FILE = bela/Core/Info.plist;
				INFOPLIST_KEY_UIApplicationSupportsIndirectInputEvents = YES;
				INFOPLIST_KEY_UILaunchStoryboardName = LaunchScreen;
				INFOPLIST_KEY_UIMainStoryboardFile = Main;
				INFOPLIST_KEY_UISupportedInterfaceOrientations_iPad = "UIInterfaceOrientationPortrait UIInterfaceOrientationPortraitUpsideDown UIInterfaceOrientationLandscapeLeft UIInterfaceOrientationLandscapeRight";
				INFOPLIST_KEY_UISupportedInterfaceOrientations_iPhone = "UIInterfaceOrientationPortrait UIInterfaceOrientationLandscapeLeft UIInterfaceOrientationLandscapeRight";
				LD_RUNPATH_SEARCH_PATHS = (
					"$(inherited)",
					"@executable_path/Frameworks",
				);
				MARKETING_VERSION = 1.0;
				PRODUCT_BUNDLE_IDENTIFIER = talhavarol.com.bela;
				PRODUCT_NAME = "$(TARGET_NAME)";
				SWIFT_EMIT_LOC_STRINGS = YES;
				SWIFT_VERSION = 5.0;
				TARGETED_DEVICE_FAMILY = "1,2";
			};
			name = Debug;
		};
		7167140729A917FE00A48966 /* Release */ = {
			isa = XCBuildConfiguration;
			buildSettings = {
				ASSETCATALOG_COMPILER_APPICON_NAME = AppIcon;
				ASSETCATALOG_COMPILER_GLOBAL_ACCENT_COLOR_NAME = AccentColor;
				CODE_SIGN_STYLE = Automatic;
				CURRENT_PROJECT_VERSION = 1;
				DEVELOPMENT_TEAM = W69WTC53M7;
				GENERATE_INFOPLIST_FILE = YES;
				INFOPLIST_FILE = bela/Core/Info.plist;
				INFOPLIST_KEY_UIApplicationSupportsIndirectInputEvents = YES;
				INFOPLIST_KEY_UILaunchStoryboardName = LaunchScreen;
				INFOPLIST_KEY_UIMainStoryboardFile = Main;
				INFOPLIST_KEY_UISupportedInterfaceOrientations_iPad = "UIInterfaceOrientationPortrait UIInterfaceOrientationPortraitUpsideDown UIInterfaceOrientationLandscapeLeft UIInterfaceOrientationLandscapeRight";
				INFOPLIST_KEY_UISupportedInterfaceOrientations_iPhone = "UIInterfaceOrientationPortrait UIInterfaceOrientationLandscapeLeft UIInterfaceOrientationLandscapeRight";
				LD_RUNPATH_SEARCH_PATHS = (
					"$(inherited)",
					"@executable_path/Frameworks",
				);
				MARKETING_VERSION = 1.0;
				PRODUCT_BUNDLE_IDENTIFIER = talhavarol.com.bela;
				PRODUCT_NAME = "$(TARGET_NAME)";
				SWIFT_EMIT_LOC_STRINGS = YES;
				SWIFT_VERSION = 5.0;
				TARGETED_DEVICE_FAMILY = "1,2";
			};
			name = Release;
		};
		7167140929A917FE00A48966 /* Debug */ = {
			isa = XCBuildConfiguration;
			buildSettings = {
				ALWAYS_EMBED_SWIFT_STANDARD_LIBRARIES = YES;
				BUNDLE_LOADER = "$(TEST_HOST)";
				CODE_SIGN_STYLE = Automatic;
				CURRENT_PROJECT_VERSION = 1;
				DEVELOPMENT_TEAM = W69WTC53M7;
				GENERATE_INFOPLIST_FILE = YES;
				IPHONEOS_DEPLOYMENT_TARGET = 16.2;
				MARKETING_VERSION = 1.0;
				PRODUCT_BUNDLE_IDENTIFIER = talhavarol.com.belaTests;
				PRODUCT_NAME = "$(TARGET_NAME)";
				SWIFT_EMIT_LOC_STRINGS = NO;
				SWIFT_VERSION = 5.0;
				TARGETED_DEVICE_FAMILY = "1,2";
				TEST_HOST = "$(BUILT_PRODUCTS_DIR)/bela.app/$(BUNDLE_EXECUTABLE_FOLDER_PATH)/bela";
			};
			name = Debug;
		};
		7167140A29A917FE00A48966 /* Release */ = {
			isa = XCBuildConfiguration;
			buildSettings = {
				ALWAYS_EMBED_SWIFT_STANDARD_LIBRARIES = YES;
				BUNDLE_LOADER = "$(TEST_HOST)";
				CODE_SIGN_STYLE = Automatic;
				CURRENT_PROJECT_VERSION = 1;
				DEVELOPMENT_TEAM = W69WTC53M7;
				GENERATE_INFOPLIST_FILE = YES;
				IPHONEOS_DEPLOYMENT_TARGET = 16.2;
				MARKETING_VERSION = 1.0;
				PRODUCT_BUNDLE_IDENTIFIER = talhavarol.com.belaTests;
				PRODUCT_NAME = "$(TARGET_NAME)";
				SWIFT_EMIT_LOC_STRINGS = NO;
				SWIFT_VERSION = 5.0;
				TARGETED_DEVICE_FAMILY = "1,2";
				TEST_HOST = "$(BUILT_PRODUCTS_DIR)/bela.app/$(BUNDLE_EXECUTABLE_FOLDER_PATH)/bela";
			};
			name = Release;
		};
		7167140C29A917FE00A48966 /* Debug */ = {
			isa = XCBuildConfiguration;
			buildSettings = {
				ALWAYS_EMBED_SWIFT_STANDARD_LIBRARIES = YES;
				CODE_SIGN_STYLE = Automatic;
				CURRENT_PROJECT_VERSION = 1;
				DEVELOPMENT_TEAM = W69WTC53M7;
				GENERATE_INFOPLIST_FILE = YES;
				MARKETING_VERSION = 1.0;
				PRODUCT_BUNDLE_IDENTIFIER = talhavarol.com.belaUITests;
				PRODUCT_NAME = "$(TARGET_NAME)";
				SWIFT_EMIT_LOC_STRINGS = NO;
				SWIFT_VERSION = 5.0;
				TARGETED_DEVICE_FAMILY = "1,2";
				TEST_TARGET_NAME = bela;
			};
			name = Debug;
		};
		7167140D29A917FE00A48966 /* Release */ = {
			isa = XCBuildConfiguration;
			buildSettings = {
				ALWAYS_EMBED_SWIFT_STANDARD_LIBRARIES = YES;
				CODE_SIGN_STYLE = Automatic;
				CURRENT_PROJECT_VERSION = 1;
				DEVELOPMENT_TEAM = W69WTC53M7;
				GENERATE_INFOPLIST_FILE = YES;
				MARKETING_VERSION = 1.0;
				PRODUCT_BUNDLE_IDENTIFIER = talhavarol.com.belaUITests;
				PRODUCT_NAME = "$(TARGET_NAME)";
				SWIFT_EMIT_LOC_STRINGS = NO;
				SWIFT_VERSION = 5.0;
				TARGETED_DEVICE_FAMILY = "1,2";
				TEST_TARGET_NAME = bela;
			};
			name = Release;
		};
/* End XCBuildConfiguration section */

/* Begin XCConfigurationList section */
		716713D629A917FD00A48966 /* Build configuration list for PBXProject "bela" */ = {
			isa = XCConfigurationList;
			buildConfigurations = (
				7167140329A917FE00A48966 /* Debug */,
				7167140429A917FE00A48966 /* Release */,
			);
			defaultConfigurationIsVisible = 0;
			defaultConfigurationName = Release;
		};
		7167140529A917FE00A48966 /* Build configuration list for PBXNativeTarget "bela" */ = {
			isa = XCConfigurationList;
			buildConfigurations = (
				7167140629A917FE00A48966 /* Debug */,
				7167140729A917FE00A48966 /* Release */,
			);
			defaultConfigurationIsVisible = 0;
			defaultConfigurationName = Release;
		};
		7167140829A917FE00A48966 /* Build configuration list for PBXNativeTarget "belaTests" */ = {
			isa = XCConfigurationList;
			buildConfigurations = (
				7167140929A917FE00A48966 /* Debug */,
				7167140A29A917FE00A48966 /* Release */,
			);
			defaultConfigurationIsVisible = 0;
			defaultConfigurationName = Release;
		};
		7167140B29A917FE00A48966 /* Build configuration list for PBXNativeTarget "belaUITests" */ = {
			isa = XCConfigurationList;
			buildConfigurations = (
				7167140C29A917FE00A48966 /* Debug */,
				7167140D29A917FE00A48966 /* Release */,
			);
			defaultConfigurationIsVisible = 0;
			defaultConfigurationName = Release;
		};
/* End XCConfigurationList section */

/* Begin XCRemoteSwiftPackageReference section */
		7167140E29A9180C00A48966 /* XCRemoteSwiftPackageReference "Eureka" */ = {
			isa = XCRemoteSwiftPackageReference;
			repositoryURL = "https://github.com/xmartlabs/Eureka.git";
			requirement = {
				kind = upToNextMajorVersion;
				minimumVersion = 5.0.0;
			};
		};
		71D7017929BFB3D100279903 /* XCRemoteSwiftPackageReference "Kingfisher" */ = {
			isa = XCRemoteSwiftPackageReference;
			repositoryURL = "https://github.com/onevcat/Kingfisher.git";
			requirement = {
				branch = master;
				kind = branch;
			};
		};
/* End XCRemoteSwiftPackageReference section */

/* Begin XCSwiftPackageProductDependency section */
		7167140F29A9180C00A48966 /* Eureka */ = {
			isa = XCSwiftPackageProductDependency;
			package = 7167140E29A9180C00A48966 /* XCRemoteSwiftPackageReference "Eureka" */;
			productName = Eureka;
		};
		71D7017A29BFB3D100279903 /* Kingfisher */ = {
			isa = XCSwiftPackageProductDependency;
			package = 71D7017929BFB3D100279903 /* XCRemoteSwiftPackageReference "Kingfisher" */;
			productName = Kingfisher;
		};
/* End XCSwiftPackageProductDependency section */
	};
	rootObject = 716713D329A917FD00A48966 /* Project object */;
}
